// !$*UTF8*$!
{
	archiveVersion = 1;
	classes = {
	};
	objectVersion = 46;
	objects = {

/* Begin PBXBuildFile section */
		7B482C9F2A5ADE9DF6801D66 /* Pods_TrackDown.framework in Frameworks */ = {isa = PBXBuildFile; fileRef = 6BE352800FFAC88126670760 /* Pods_TrackDown.framework */; };
		C30C7B871D3DDB3800131A1D /* NoPasteTextField.m in Sources */ = {isa = PBXBuildFile; fileRef = C30C7B861D3DDB3800131A1D /* NoPasteTextField.m */; };
		C316C67E1D546BBC001F9D17 /* StatisticViewController.m in Sources */ = {isa = PBXBuildFile; fileRef = C316C67D1D546BBC001F9D17 /* StatisticViewController.m */; };
		C316C6861D547AD2001F9D17 /* GraphView.m in Sources */ = {isa = PBXBuildFile; fileRef = C316C6851D547AD2001F9D17 /* GraphView.m */; };
		C316C6891D5492F7001F9D17 /* UIColor+Hex.m in Sources */ = {isa = PBXBuildFile; fileRef = C316C6881D5492F7001F9D17 /* UIColor+Hex.m */; };
		C32E342A1D474359001C1CA2 /* Statistic.storyboard in Resources */ = {isa = PBXBuildFile; fileRef = C32E34281D474359001C1CA2 /* Statistic.storyboard */; };
		C34234DD1D35F0820014348A /* CYDataBaseManager.m in Sources */ = {isa = PBXBuildFile; fileRef = C34234DC1D35F0820014348A /* CYDataBaseManager.m */; };
		C34234E01D361CE90014348A /* NSDate+Components.m in Sources */ = {isa = PBXBuildFile; fileRef = C34234DF1D361CE90014348A /* NSDate+Components.m */; };
		C34234E31D363D830014348A /* TrainingViewController.m in Sources */ = {isa = PBXBuildFile; fileRef = C34234E21D363D830014348A /* TrainingViewController.m */; };
		C34234E61D3648640014348A /* WorkoutStatistic.m in Sources */ = {isa = PBXBuildFile; fileRef = C34234E51D3648640014348A /* WorkoutStatistic.m */; };
		C34C95E91D499D2B00E7F5B2 /* Settings.storyboard in Resources */ = {isa = PBXBuildFile; fileRef = C34C95E71D499D2B00E7F5B2 /* Settings.storyboard */; };
		C34C95ED1D49A04100E7F5B2 /* SettingsListViewController.m in Sources */ = {isa = PBXBuildFile; fileRef = C34C95EC1D49A04100E7F5B2 /* SettingsListViewController.m */; };
		C34C95F11D49A33800E7F5B2 /* SettingsCell.m in Sources */ = {isa = PBXBuildFile; fileRef = C34C95EF1D49A33800E7F5B2 /* SettingsCell.m */; };
		C34C95F21D49A33800E7F5B2 /* SettingsCell.xib in Resources */ = {isa = PBXBuildFile; fileRef = C34C95F01D49A33800E7F5B2 /* SettingsCell.xib */; };
		C34C95F51D49A63F00E7F5B2 /* SettingsInfo.m in Sources */ = {isa = PBXBuildFile; fileRef = C34C95F41D49A63F00E7F5B2 /* SettingsInfo.m */; };
		C34C95F81D49A94600E7F5B2 /* SettingsManager.m in Sources */ = {isa = PBXBuildFile; fileRef = C34C95F71D49A94600E7F5B2 /* SettingsManager.m */; };
		C354E28E1D3769230012633C /* ListCountButton.m in Sources */ = {isa = PBXBuildFile; fileRef = C354E28D1D3769230012633C /* ListCountButton.m */; };
		C35CC5641D3A1CF000C6A7F6 /* TrainingListTableViewController.m in Sources */ = {isa = PBXBuildFile; fileRef = C35CC5621D3A1CF000C6A7F6 /* TrainingListTableViewController.m */; };
		C35CC5651D3A1CF000C6A7F6 /* TrainingListTableViewController.xib in Resources */ = {isa = PBXBuildFile; fileRef = C35CC5631D3A1CF000C6A7F6 /* TrainingListTableViewController.xib */; };
		C37102061D49E0780037C877 /* TimeBreakViewController.m in Sources */ = {isa = PBXBuildFile; fileRef = C37102051D49E0780037C877 /* TimeBreakViewController.m */; };
		C385F7821D41F3BF009A08C0 /* RecordListViewController.m in Sources */ = {isa = PBXBuildFile; fileRef = C385F7811D41F3BF009A08C0 /* RecordListViewController.m */; };
		C385F78D1D41F6CC009A08C0 /* ExpandableTableViewController.m in Sources */ = {isa = PBXBuildFile; fileRef = C385F78C1D41F6CC009A08C0 /* ExpandableTableViewController.m */; };
		C385F7911D41F71E009A08C0 /* ExpandableTableView.xib in Resources */ = {isa = PBXBuildFile; fileRef = C385F7901D41F71E009A08C0 /* ExpandableTableView.xib */; };
		C385F7941D41F89E009A08C0 /* ClickableHeaderView.m in Sources */ = {isa = PBXBuildFile; fileRef = C385F7931D41F89E009A08C0 /* ClickableHeaderView.m */; };
		C38F7F241D5827DE00A8A7D9 /* TipView.m in Sources */ = {isa = PBXBuildFile; fileRef = C38F7F231D5827DE00A8A7D9 /* TipView.m */; };
		C3908C201D4890120082BFE1 /* RoundedButton.m in Sources */ = {isa = PBXBuildFile; fileRef = C3908C1F1D4890120082BFE1 /* RoundedButton.m */; };
		C3908C231D48AC830082BFE1 /* BlankFooterView.m in Sources */ = {isa = PBXBuildFile; fileRef = C3908C221D48AC830082BFE1 /* BlankFooterView.m */; };
		C3908C261D48B7F20082BFE1 /* MainNavigationController.m in Sources */ = {isa = PBXBuildFile; fileRef = C3908C251D48B7F20082BFE1 /* MainNavigationController.m */; };
		C3908C291D48BC080082BFE1 /* UIViewController+NoBackTitle.m in Sources */ = {isa = PBXBuildFile; fileRef = C3908C281D48BC080082BFE1 /* UIViewController+NoBackTitle.m */; };
		C39A8D581D33774B00FAF484 /* StoryboardManager.m in Sources */ = {isa = PBXBuildFile; fileRef = C39A8D571D33774B00FAF484 /* StoryboardManager.m */; };
		C39A8D5B1D337A2E00FAF484 /* WorkoutActionViewController.m in Sources */ = {isa = PBXBuildFile; fileRef = C39A8D5A1D337A2E00FAF484 /* WorkoutActionViewController.m */; };
		C39A8D5E1D3380CE00FAF484 /* AddWorkoutViewController.m in Sources */ = {isa = PBXBuildFile; fileRef = C39A8D5D1D3380CE00FAF484 /* AddWorkoutViewController.m */; };
		C39A8D631D3394F200FAF484 /* NSArray+Map.m in Sources */ = {isa = PBXBuildFile; fileRef = C39A8D621D3394F200FAF484 /* NSArray+Map.m */; };
		C3AA37871D30F3E100D5930E /* main.m in Sources */ = {isa = PBXBuildFile; fileRef = C3AA37861D30F3E100D5930E /* main.m */; };
		C3AA378A1D30F3E100D5930E /* AppDelegate.m in Sources */ = {isa = PBXBuildFile; fileRef = C3AA37891D30F3E100D5930E /* AppDelegate.m */; };
		C3AA37901D30F3E100D5930E /* Main.storyboard in Resources */ = {isa = PBXBuildFile; fileRef = C3AA378E1D30F3E100D5930E /* Main.storyboard */; };
		C3AA37921D30F3E100D5930E /* Assets.xcassets in Resources */ = {isa = PBXBuildFile; fileRef = C3AA37911D30F3E100D5930E /* Assets.xcassets */; };
		C3AA37951D30F3E100D5930E /* LaunchScreen.storyboard in Resources */ = {isa = PBXBuildFile; fileRef = C3AA37931D30F3E100D5930E /* LaunchScreen.storyboard */; };
		C3AA37AD1D30FE2500D5930E /* CYWorkoutManager.m in Sources */ = {isa = PBXBuildFile; fileRef = C3AA37AB1D30FE2500D5930E /* CYWorkoutManager.m */; };
		C3AA37B11D30FECE00D5930E /* TargetMuscle.m in Sources */ = {isa = PBXBuildFile; fileRef = C3AA37B01D30FECE00D5930E /* TargetMuscle.m */; };
		C3AA37B41D30FEED00D5930E /* WorkoutAction.m in Sources */ = {isa = PBXBuildFile; fileRef = C3AA37B31D30FEED00D5930E /* WorkoutAction.m */; };
		C3AA37BA1D31013200D5930E /* CYWorkoutDataParser.m in Sources */ = {isa = PBXBuildFile; fileRef = C3AA37B91D31013200D5930E /* CYWorkoutDataParser.m */; };
		C3AA37BD1D3105B500D5930E /* workouts.json in Resources */ = {isa = PBXBuildFile; fileRef = C3AA37BC1D3105B500D5930E /* workouts.json */; };
		C3AA37C21D310C7B00D5930E /* WorkoutMuscleViewController.m in Sources */ = {isa = PBXBuildFile; fileRef = C3AA37C11D310C7B00D5930E /* WorkoutMuscleViewController.m */; };
		C3AA37C51D3112DB00D5930E /* MainViewController.m in Sources */ = {isa = PBXBuildFile; fileRef = C3AA37C41D3112DB00D5930E /* MainViewController.m */; };
		C3C05CEA1D3485AF0021C407 /* Management.storyboard in Resources */ = {isa = PBXBuildFile; fileRef = C3C05CE81D3485AF0021C407 /* Management.storyboard */; };
		C3C05CED1D3486DA0021C407 /* Training.storyboard in Resources */ = {isa = PBXBuildFile; fileRef = C3C05CEB1D3486DA0021C407 /* Training.storyboard */; };
		C3C05CF11D348B2A0021C407 /* WorkoutPlanningViewController.m in Sources */ = {isa = PBXBuildFile; fileRef = C3C05CF01D348B2A0021C407 /* WorkoutPlanningViewController.m */; };
		C3C05CF91D34D3C40021C407 /* PopTableViewController.m in Sources */ = {isa = PBXBuildFile; fileRef = C3C05CF71D34D3C40021C407 /* PopTableViewController.m */; };
		C3C05CFD1D34D5270021C407 /* CheckboxTableViewCell.m in Sources */ = {isa = PBXBuildFile; fileRef = C3C05CFC1D34D5270021C407 /* CheckboxTableViewCell.m */; };
		C3C05D031D34EE640021C407 /* UIImage+Resize.m in Sources */ = {isa = PBXBuildFile; fileRef = C3C05D021D34EE640021C407 /* UIImage+Resize.m */; };
/* End PBXBuildFile section */

/* Begin PBXFileReference section */
		4D83057FE26A87D8050822B5 /* Pods-TrackDown.debug.xcconfig */ = {isa = PBXFileReference; includeInIndex = 1; lastKnownFileType = text.xcconfig; name = "Pods-TrackDown.debug.xcconfig"; path = "Pods/Target Support Files/Pods-TrackDown/Pods-TrackDown.debug.xcconfig"; sourceTree = "<group>"; };
		6BE352800FFAC88126670760 /* Pods_TrackDown.framework */ = {isa = PBXFileReference; explicitFileType = wrapper.framework; includeInIndex = 0; path = Pods_TrackDown.framework; sourceTree = BUILT_PRODUCTS_DIR; };
		7DAC3E83A180916142939F81 /* Pods.framework */ = {isa = PBXFileReference; explicitFileType = wrapper.framework; includeInIndex = 0; path = Pods.framework; sourceTree = BUILT_PRODUCTS_DIR; };
		921CE8EAE5EC1EC67D9518E0 /* Pods-TrackDown.release.xcconfig */ = {isa = PBXFileReference; includeInIndex = 1; lastKnownFileType = text.xcconfig; name = "Pods-TrackDown.release.xcconfig"; path = "Pods/Target Support Files/Pods-TrackDown/Pods-TrackDown.release.xcconfig"; sourceTree = "<group>"; };
		C30C7B851D3DDB3800131A1D /* NoPasteTextField.h */ = {isa = PBXFileReference; fileEncoding = 4; lastKnownFileType = sourcecode.c.h; path = NoPasteTextField.h; sourceTree = "<group>"; };
		C30C7B861D3DDB3800131A1D /* NoPasteTextField.m */ = {isa = PBXFileReference; fileEncoding = 4; lastKnownFileType = sourcecode.c.objc; path = NoPasteTextField.m; sourceTree = "<group>"; };
		C316C67C1D546BBC001F9D17 /* StatisticViewController.h */ = {isa = PBXFileReference; fileEncoding = 4; lastKnownFileType = sourcecode.c.h; path = StatisticViewController.h; sourceTree = "<group>"; };
		C316C67D1D546BBC001F9D17 /* StatisticViewController.m */ = {isa = PBXFileReference; fileEncoding = 4; lastKnownFileType = sourcecode.c.objc; path = StatisticViewController.m; sourceTree = "<group>"; };
		C316C6801D546E1D001F9D17 /* CustomExpandableViewProtocol.h */ = {isa = PBXFileReference; lastKnownFileType = sourcecode.c.h; path = CustomExpandableViewProtocol.h; sourceTree = "<group>"; };
		C316C6841D547AD2001F9D17 /* GraphView.h */ = {isa = PBXFileReference; fileEncoding = 4; lastKnownFileType = sourcecode.c.h; path = GraphView.h; sourceTree = "<group>"; };
		C316C6851D547AD2001F9D17 /* GraphView.m */ = {isa = PBXFileReference; fileEncoding = 4; lastKnownFileType = sourcecode.c.objc; path = GraphView.m; sourceTree = "<group>"; };
		C316C6871D5492F7001F9D17 /* UIColor+Hex.h */ = {isa = PBXFileReference; fileEncoding = 4; lastKnownFileType = sourcecode.c.h; path = "UIColor+Hex.h"; sourceTree = "<group>"; };
		C316C6881D5492F7001F9D17 /* UIColor+Hex.m */ = {isa = PBXFileReference; fileEncoding = 4; lastKnownFileType = sourcecode.c.objc; path = "UIColor+Hex.m"; sourceTree = "<group>"; };
		C32E34291D474359001C1CA2 /* Base */ = {isa = PBXFileReference; lastKnownFileType = file.storyboard; name = Base; path = Base.lproj/Statistic.storyboard; sourceTree = "<group>"; };
		C34234DB1D35F0820014348A /* CYDataBaseManager.h */ = {isa = PBXFileReference; fileEncoding = 4; lastKnownFileType = sourcecode.c.h; path = CYDataBaseManager.h; sourceTree = "<group>"; };
		C34234DC1D35F0820014348A /* CYDataBaseManager.m */ = {isa = PBXFileReference; fileEncoding = 4; lastKnownFileType = sourcecode.c.objc; path = CYDataBaseManager.m; sourceTree = "<group>"; };
		C34234DE1D361CE90014348A /* NSDate+Components.h */ = {isa = PBXFileReference; fileEncoding = 4; lastKnownFileType = sourcecode.c.h; path = "NSDate+Components.h"; sourceTree = "<group>"; };
		C34234DF1D361CE90014348A /* NSDate+Components.m */ = {isa = PBXFileReference; fileEncoding = 4; lastKnownFileType = sourcecode.c.objc; path = "NSDate+Components.m"; sourceTree = "<group>"; };
		C34234E11D363D830014348A /* TrainingViewController.h */ = {isa = PBXFileReference; fileEncoding = 4; lastKnownFileType = sourcecode.c.h; path = TrainingViewController.h; sourceTree = "<group>"; };
		C34234E21D363D830014348A /* TrainingViewController.m */ = {isa = PBXFileReference; fileEncoding = 4; lastKnownFileType = sourcecode.c.objc; path = TrainingViewController.m; sourceTree = "<group>"; };
		C34234E41D3648640014348A /* WorkoutStatistic.h */ = {isa = PBXFileReference; fileEncoding = 4; lastKnownFileType = sourcecode.c.h; path = WorkoutStatistic.h; sourceTree = "<group>"; };
		C34234E51D3648640014348A /* WorkoutStatistic.m */ = {isa = PBXFileReference; fileEncoding = 4; lastKnownFileType = sourcecode.c.objc; path = WorkoutStatistic.m; sourceTree = "<group>"; };
		C34C95E81D499D2B00E7F5B2 /* Base */ = {isa = PBXFileReference; lastKnownFileType = file.storyboard; name = Base; path = Base.lproj/Settings.storyboard; sourceTree = "<group>"; };
		C34C95EB1D49A04100E7F5B2 /* SettingsListViewController.h */ = {isa = PBXFileReference; fileEncoding = 4; lastKnownFileType = sourcecode.c.h; path = SettingsListViewController.h; sourceTree = "<group>"; };
		C34C95EC1D49A04100E7F5B2 /* SettingsListViewController.m */ = {isa = PBXFileReference; fileEncoding = 4; lastKnownFileType = sourcecode.c.objc; path = SettingsListViewController.m; sourceTree = "<group>"; };
		C34C95EE1D49A33800E7F5B2 /* SettingsCell.h */ = {isa = PBXFileReference; fileEncoding = 4; lastKnownFileType = sourcecode.c.h; path = SettingsCell.h; sourceTree = "<group>"; };
		C34C95EF1D49A33800E7F5B2 /* SettingsCell.m */ = {isa = PBXFileReference; fileEncoding = 4; lastKnownFileType = sourcecode.c.objc; path = SettingsCell.m; sourceTree = "<group>"; };
		C34C95F01D49A33800E7F5B2 /* SettingsCell.xib */ = {isa = PBXFileReference; fileEncoding = 4; lastKnownFileType = file.xib; path = SettingsCell.xib; sourceTree = "<group>"; };
		C34C95F31D49A63F00E7F5B2 /* SettingsInfo.h */ = {isa = PBXFileReference; fileEncoding = 4; lastKnownFileType = sourcecode.c.h; path = SettingsInfo.h; sourceTree = "<group>"; };
		C34C95F41D49A63F00E7F5B2 /* SettingsInfo.m */ = {isa = PBXFileReference; fileEncoding = 4; lastKnownFileType = sourcecode.c.objc; path = SettingsInfo.m; sourceTree = "<group>"; };
		C34C95F61D49A94600E7F5B2 /* SettingsManager.h */ = {isa = PBXFileReference; fileEncoding = 4; lastKnownFileType = sourcecode.c.h; path = SettingsManager.h; sourceTree = "<group>"; };
		C34C95F71D49A94600E7F5B2 /* SettingsManager.m */ = {isa = PBXFileReference; fileEncoding = 4; lastKnownFileType = sourcecode.c.objc; path = SettingsManager.m; sourceTree = "<group>"; };
		C354E28C1D3769230012633C /* ListCountButton.h */ = {isa = PBXFileReference; fileEncoding = 4; lastKnownFileType = sourcecode.c.h; path = ListCountButton.h; sourceTree = "<group>"; };
		C354E28D1D3769230012633C /* ListCountButton.m */ = {isa = PBXFileReference; fileEncoding = 4; lastKnownFileType = sourcecode.c.objc; path = ListCountButton.m; sourceTree = "<group>"; };
		C35CC5611D3A1CF000C6A7F6 /* TrainingListTableViewController.h */ = {isa = PBXFileReference; fileEncoding = 4; lastKnownFileType = sourcecode.c.h; path = TrainingListTableViewController.h; sourceTree = "<group>"; };
		C35CC5621D3A1CF000C6A7F6 /* TrainingListTableViewController.m */ = {isa = PBXFileReference; fileEncoding = 4; lastKnownFileType = sourcecode.c.objc; path = TrainingListTableViewController.m; sourceTree = "<group>"; };
		C35CC5631D3A1CF000C6A7F6 /* TrainingListTableViewController.xib */ = {isa = PBXFileReference; fileEncoding = 4; lastKnownFileType = file.xib; path = TrainingListTableViewController.xib; sourceTree = "<group>"; };
		C37102041D49E0780037C877 /* TimeBreakViewController.h */ = {isa = PBXFileReference; fileEncoding = 4; lastKnownFileType = sourcecode.c.h; path = TimeBreakViewController.h; sourceTree = "<group>"; };
		C37102051D49E0780037C877 /* TimeBreakViewController.m */ = {isa = PBXFileReference; fileEncoding = 4; lastKnownFileType = sourcecode.c.objc; path = TimeBreakViewController.m; sourceTree = "<group>"; };
		C385F7801D41F3BF009A08C0 /* RecordListViewController.h */ = {isa = PBXFileReference; fileEncoding = 4; lastKnownFileType = sourcecode.c.h; path = RecordListViewController.h; sourceTree = "<group>"; };
		C385F7811D41F3BF009A08C0 /* RecordListViewController.m */ = {isa = PBXFileReference; fileEncoding = 4; lastKnownFileType = sourcecode.c.objc; path = RecordListViewController.m; sourceTree = "<group>"; };
		C385F78A1D41F625009A08C0 /* ExpandableObjectProtocol.h */ = {isa = PBXFileReference; lastKnownFileType = sourcecode.c.h; path = ExpandableObjectProtocol.h; sourceTree = "<group>"; };
		C385F78B1D41F6CC009A08C0 /* ExpandableTableViewController.h */ = {isa = PBXFileReference; fileEncoding = 4; lastKnownFileType = sourcecode.c.h; path = ExpandableTableViewController.h; sourceTree = "<group>"; };
		C385F78C1D41F6CC009A08C0 /* ExpandableTableViewController.m */ = {isa = PBXFileReference; fileEncoding = 4; lastKnownFileType = sourcecode.c.objc; path = ExpandableTableViewController.m; sourceTree = "<group>"; };
		C385F7901D41F71E009A08C0 /* ExpandableTableView.xib */ = {isa = PBXFileReference; fileEncoding = 4; lastKnownFileType = file.xib; path = ExpandableTableView.xib; sourceTree = "<group>"; };
		C385F7921D41F89E009A08C0 /* ClickableHeaderView.h */ = {isa = PBXFileReference; fileEncoding = 4; lastKnownFileType = sourcecode.c.h; path = ClickableHeaderView.h; sourceTree = "<group>"; };
		C385F7931D41F89E009A08C0 /* ClickableHeaderView.m */ = {isa = PBXFileReference; fileEncoding = 4; lastKnownFileType = sourcecode.c.objc; path = ClickableHeaderView.m; sourceTree = "<group>"; };
		C38F7F221D5827DE00A8A7D9 /* TipView.h */ = {isa = PBXFileReference; fileEncoding = 4; lastKnownFileType = sourcecode.c.h; path = TipView.h; sourceTree = "<group>"; };
		C38F7F231D5827DE00A8A7D9 /* TipView.m */ = {isa = PBXFileReference; fileEncoding = 4; lastKnownFileType = sourcecode.c.objc; path = TipView.m; sourceTree = "<group>"; };
		C3908C1E1D4890120082BFE1 /* RoundedButton.h */ = {isa = PBXFileReference; fileEncoding = 4; lastKnownFileType = sourcecode.c.h; path = RoundedButton.h; sourceTree = "<group>"; };
		C3908C1F1D4890120082BFE1 /* RoundedButton.m */ = {isa = PBXFileReference; fileEncoding = 4; lastKnownFileType = sourcecode.c.objc; path = RoundedButton.m; sourceTree = "<group>"; };
		C3908C211D48AC830082BFE1 /* BlankFooterView.h */ = {isa = PBXFileReference; fileEncoding = 4; lastKnownFileType = sourcecode.c.h; path = BlankFooterView.h; sourceTree = "<group>"; };
		C3908C221D48AC830082BFE1 /* BlankFooterView.m */ = {isa = PBXFileReference; fileEncoding = 4; lastKnownFileType = sourcecode.c.objc; path = BlankFooterView.m; sourceTree = "<group>"; };
		C3908C241D48B7F20082BFE1 /* MainNavigationController.h */ = {isa = PBXFileReference; fileEncoding = 4; lastKnownFileType = sourcecode.c.h; path = MainNavigationController.h; sourceTree = "<group>"; };
		C3908C251D48B7F20082BFE1 /* MainNavigationController.m */ = {isa = PBXFileReference; fileEncoding = 4; lastKnownFileType = sourcecode.c.objc; path = MainNavigationController.m; sourceTree = "<group>"; };
		C3908C271D48BC080082BFE1 /* UIViewController+NoBackTitle.h */ = {isa = PBXFileReference; fileEncoding = 4; lastKnownFileType = sourcecode.c.h; path = "UIViewController+NoBackTitle.h"; sourceTree = "<group>"; };
		C3908C281D48BC080082BFE1 /* UIViewController+NoBackTitle.m */ = {isa = PBXFileReference; fileEncoding = 4; lastKnownFileType = sourcecode.c.objc; path = "UIViewController+NoBackTitle.m"; sourceTree = "<group>"; };
		C39A8D561D33774B00FAF484 /* StoryboardManager.h */ = {isa = PBXFileReference; fileEncoding = 4; lastKnownFileType = sourcecode.c.h; path = StoryboardManager.h; sourceTree = "<group>"; };
		C39A8D571D33774B00FAF484 /* StoryboardManager.m */ = {isa = PBXFileReference; fileEncoding = 4; lastKnownFileType = sourcecode.c.objc; path = StoryboardManager.m; sourceTree = "<group>"; };
		C39A8D591D337A2E00FAF484 /* WorkoutActionViewController.h */ = {isa = PBXFileReference; fileEncoding = 4; lastKnownFileType = sourcecode.c.h; path = WorkoutActionViewController.h; sourceTree = "<group>"; };
		C39A8D5A1D337A2E00FAF484 /* WorkoutActionViewController.m */ = {isa = PBXFileReference; fileEncoding = 4; lastKnownFileType = sourcecode.c.objc; path = WorkoutActionViewController.m; sourceTree = "<group>"; };
		C39A8D5C1D3380CE00FAF484 /* AddWorkoutViewController.h */ = {isa = PBXFileReference; fileEncoding = 4; lastKnownFileType = sourcecode.c.h; path = AddWorkoutViewController.h; sourceTree = "<group>"; };
		C39A8D5D1D3380CE00FAF484 /* AddWorkoutViewController.m */ = {isa = PBXFileReference; fileEncoding = 4; lastKnownFileType = sourcecode.c.objc; path = AddWorkoutViewController.m; sourceTree = "<group>"; };
		C39A8D5F1D33884500FAF484 /* PreDefines.h */ = {isa = PBXFileReference; lastKnownFileType = sourcecode.c.h; path = PreDefines.h; sourceTree = "<group>"; };
		C39A8D611D3394F200FAF484 /* NSArray+Map.h */ = {isa = PBXFileReference; fileEncoding = 4; lastKnownFileType = sourcecode.c.h; path = "NSArray+Map.h"; sourceTree = "<group>"; };
		C39A8D621D3394F200FAF484 /* NSArray+Map.m */ = {isa = PBXFileReference; fileEncoding = 4; lastKnownFileType = sourcecode.c.objc; path = "NSArray+Map.m"; sourceTree = "<group>"; };
		C3AA37821D30F3E100D5930E /* TrackDown.app */ = {isa = PBXFileReference; explicitFileType = wrapper.application; includeInIndex = 0; path = TrackDown.app; sourceTree = BUILT_PRODUCTS_DIR; };
		C3AA37861D30F3E100D5930E /* main.m */ = {isa = PBXFileReference; lastKnownFileType = sourcecode.c.objc; path = main.m; sourceTree = "<group>"; };
		C3AA37881D30F3E100D5930E /* AppDelegate.h */ = {isa = PBXFileReference; lastKnownFileType = sourcecode.c.h; path = AppDelegate.h; sourceTree = "<group>"; };
		C3AA37891D30F3E100D5930E /* AppDelegate.m */ = {isa = PBXFileReference; lastKnownFileType = sourcecode.c.objc; path = AppDelegate.m; sourceTree = "<group>"; };
		C3AA378F1D30F3E100D5930E /* Base */ = {isa = PBXFileReference; lastKnownFileType = file.storyboard; name = Base; path = Base.lproj/Main.storyboard; sourceTree = "<group>"; };
		C3AA37911D30F3E100D5930E /* Assets.xcassets */ = {isa = PBXFileReference; lastKnownFileType = folder.assetcatalog; path = Assets.xcassets; sourceTree = "<group>"; };
		C3AA37941D30F3E100D5930E /* Base */ = {isa = PBXFileReference; lastKnownFileType = file.storyboard; name = Base; path = Base.lproj/LaunchScreen.storyboard; sourceTree = "<group>"; };
		C3AA37961D30F3E100D5930E /* Info.plist */ = {isa = PBXFileReference; lastKnownFileType = text.plist.xml; path = Info.plist; sourceTree = "<group>"; };
		C3AA37AA1D30FE2500D5930E /* CYWorkoutManager.h */ = {isa = PBXFileReference; fileEncoding = 4; lastKnownFileType = sourcecode.c.h; path = CYWorkoutManager.h; sourceTree = "<group>"; };
		C3AA37AB1D30FE2500D5930E /* CYWorkoutManager.m */ = {isa = PBXFileReference; fileEncoding = 4; lastKnownFileType = sourcecode.c.objc; path = CYWorkoutManager.m; sourceTree = "<group>"; };
		C3AA37AC1D30FE2500D5930E /* PathDefines.h */ = {isa = PBXFileReference; fileEncoding = 4; lastKnownFileType = sourcecode.c.h; path = PathDefines.h; sourceTree = "<group>"; };
		C3AA37AF1D30FECE00D5930E /* TargetMuscle.h */ = {isa = PBXFileReference; fileEncoding = 4; lastKnownFileType = sourcecode.c.h; path = TargetMuscle.h; sourceTree = "<group>"; };
		C3AA37B01D30FECE00D5930E /* TargetMuscle.m */ = {isa = PBXFileReference; fileEncoding = 4; lastKnownFileType = sourcecode.c.objc; path = TargetMuscle.m; sourceTree = "<group>"; };
		C3AA37B21D30FEED00D5930E /* WorkoutAction.h */ = {isa = PBXFileReference; fileEncoding = 4; lastKnownFileType = sourcecode.c.h; path = WorkoutAction.h; sourceTree = "<group>"; };
		C3AA37B31D30FEED00D5930E /* WorkoutAction.m */ = {isa = PBXFileReference; fileEncoding = 4; lastKnownFileType = sourcecode.c.objc; path = WorkoutAction.m; sourceTree = "<group>"; };
		C3AA37B81D31013200D5930E /* CYWorkoutDataParser.h */ = {isa = PBXFileReference; fileEncoding = 4; lastKnownFileType = sourcecode.c.h; path = CYWorkoutDataParser.h; sourceTree = "<group>"; };
		C3AA37B91D31013200D5930E /* CYWorkoutDataParser.m */ = {isa = PBXFileReference; fileEncoding = 4; lastKnownFileType = sourcecode.c.objc; path = CYWorkoutDataParser.m; sourceTree = "<group>"; };
		C3AA37BC1D3105B500D5930E /* workouts.json */ = {isa = PBXFileReference; fileEncoding = 4; lastKnownFileType = text.json; path = workouts.json; sourceTree = "<group>"; };
		C3AA37C01D310C7B00D5930E /* WorkoutMuscleViewController.h */ = {isa = PBXFileReference; fileEncoding = 4; lastKnownFileType = sourcecode.c.h; path = WorkoutMuscleViewController.h; sourceTree = "<group>"; };
		C3AA37C11D310C7B00D5930E /* WorkoutMuscleViewController.m */ = {isa = PBXFileReference; fileEncoding = 4; lastKnownFileType = sourcecode.c.objc; path = WorkoutMuscleViewController.m; sourceTree = "<group>"; };
		C3AA37C31D3112DB00D5930E /* MainViewController.h */ = {isa = PBXFileReference; fileEncoding = 4; lastKnownFileType = sourcecode.c.h; path = MainViewController.h; sourceTree = "<group>"; };
		C3AA37C41D3112DB00D5930E /* MainViewController.m */ = {isa = PBXFileReference; fileEncoding = 4; lastKnownFileType = sourcecode.c.objc; path = MainViewController.m; sourceTree = "<group>"; };
		C3C05CE91D3485AF0021C407 /* Base */ = {isa = PBXFileReference; lastKnownFileType = file.storyboard; name = Base; path = Base.lproj/Management.storyboard; sourceTree = "<group>"; };
		C3C05CEC1D3486DA0021C407 /* Base */ = {isa = PBXFileReference; lastKnownFileType = file.storyboard; name = Base; path = Base.lproj/Training.storyboard; sourceTree = "<group>"; };
		C3C05CEF1D348B2A0021C407 /* WorkoutPlanningViewController.h */ = {isa = PBXFileReference; fileEncoding = 4; lastKnownFileType = sourcecode.c.h; path = WorkoutPlanningViewController.h; sourceTree = "<group>"; };
		C3C05CF01D348B2A0021C407 /* WorkoutPlanningViewController.m */ = {isa = PBXFileReference; fileEncoding = 4; lastKnownFileType = sourcecode.c.objc; path = WorkoutPlanningViewController.m; sourceTree = "<group>"; };
		C3C05CF61D34D3C40021C407 /* PopTableViewController.h */ = {isa = PBXFileReference; fileEncoding = 4; lastKnownFileType = sourcecode.c.h; path = PopTableViewController.h; sourceTree = "<group>"; };
		C3C05CF71D34D3C40021C407 /* PopTableViewController.m */ = {isa = PBXFileReference; fileEncoding = 4; lastKnownFileType = sourcecode.c.objc; path = PopTableViewController.m; sourceTree = "<group>"; };
		C3C05CFB1D34D5270021C407 /* CheckboxTableViewCell.h */ = {isa = PBXFileReference; fileEncoding = 4; lastKnownFileType = sourcecode.c.h; path = CheckboxTableViewCell.h; sourceTree = "<group>"; };
		C3C05CFC1D34D5270021C407 /* CheckboxTableViewCell.m */ = {isa = PBXFileReference; fileEncoding = 4; lastKnownFileType = sourcecode.c.objc; path = CheckboxTableViewCell.m; sourceTree = "<group>"; };
		C3C05D011D34EE640021C407 /* UIImage+Resize.h */ = {isa = PBXFileReference; fileEncoding = 4; lastKnownFileType = sourcecode.c.h; path = "UIImage+Resize.h"; sourceTree = "<group>"; };
		C3C05D021D34EE640021C407 /* UIImage+Resize.m */ = {isa = PBXFileReference; fileEncoding = 4; lastKnownFileType = sourcecode.c.objc; path = "UIImage+Resize.m"; sourceTree = "<group>"; };
/* End PBXFileReference section */

/* Begin PBXFrameworksBuildPhase section */
		C3AA377F1D30F3E100D5930E /* Frameworks */ = {
			isa = PBXFrameworksBuildPhase;
			buildActionMask = 2147483647;
			files = (
				7B482C9F2A5ADE9DF6801D66 /* Pods_TrackDown.framework in Frameworks */,
			);
			runOnlyForDeploymentPostprocessing = 0;
		};
/* End PBXFrameworksBuildPhase section */

/* Begin PBXGroup section */
		57307B15DD3B0D289CE09BE3 /* Frameworks */ = {
			isa = PBXGroup;
			children = (
				7DAC3E83A180916142939F81 /* Pods.framework */,
				6BE352800FFAC88126670760 /* Pods_TrackDown.framework */,
			);
			name = Frameworks;
			sourceTree = "<group>";
		};
		75FDD4613CE629AD9CD94705 /* Pods */ = {
			isa = PBXGroup;
			children = (
				4D83057FE26A87D8050822B5 /* Pods-TrackDown.debug.xcconfig */,
				921CE8EAE5EC1EC67D9518E0 /* Pods-TrackDown.release.xcconfig */,
			);
			name = Pods;
			sourceTree = "<group>";
		};
		C316C67F1D546D33001F9D17 /* GraphView */ = {
			isa = PBXGroup;
			children = (
				C316C6841D547AD2001F9D17 /* GraphView.h */,
				C316C6851D547AD2001F9D17 /* GraphView.m */,
			);
			path = GraphView;
			sourceTree = "<group>";
		};
		C34C95EA1D49A02F00E7F5B2 /* Settings */ = {
			isa = PBXGroup;
			children = (
				C34C95EB1D49A04100E7F5B2 /* SettingsListViewController.h */,
				C34C95EC1D49A04100E7F5B2 /* SettingsListViewController.m */,
				C34C95EE1D49A33800E7F5B2 /* SettingsCell.h */,
				C34C95EF1D49A33800E7F5B2 /* SettingsCell.m */,
				C34C95F01D49A33800E7F5B2 /* SettingsCell.xib */,
				C37102041D49E0780037C877 /* TimeBreakViewController.h */,
				C37102051D49E0780037C877 /* TimeBreakViewController.m */,
			);
			path = Settings;
			sourceTree = "<group>";
		};
		C385F77F1D41F362009A08C0 /* Statistic */ = {
			isa = PBXGroup;
			children = (
				C385F7801D41F3BF009A08C0 /* RecordListViewController.h */,
				C385F7811D41F3BF009A08C0 /* RecordListViewController.m */,
				C316C67C1D546BBC001F9D17 /* StatisticViewController.h */,
				C316C67D1D546BBC001F9D17 /* StatisticViewController.m */,
			);
			path = Statistic;
			sourceTree = "<group>";
		};
		C385F7861D41F610009A08C0 /* ExpandableTableView */ = {
			isa = PBXGroup;
			children = (
				C385F78A1D41F625009A08C0 /* ExpandableObjectProtocol.h */,
				C316C6801D546E1D001F9D17 /* CustomExpandableViewProtocol.h */,
				C385F78B1D41F6CC009A08C0 /* ExpandableTableViewController.h */,
				C385F78C1D41F6CC009A08C0 /* ExpandableTableViewController.m */,
				C385F7901D41F71E009A08C0 /* ExpandableTableView.xib */,
				C385F7921D41F89E009A08C0 /* ClickableHeaderView.h */,
				C385F7931D41F89E009A08C0 /* ClickableHeaderView.m */,
				C3908C211D48AC830082BFE1 /* BlankFooterView.h */,
				C3908C221D48AC830082BFE1 /* BlankFooterView.m */,
			);
			path = ExpandableTableView;
			sourceTree = "<group>";
		};
		C39A8D601D3394CE00FAF484 /* Extensions */ = {
			isa = PBXGroup;
			children = (
				C39A8D611D3394F200FAF484 /* NSArray+Map.h */,
				C39A8D621D3394F200FAF484 /* NSArray+Map.m */,
				C3C05D011D34EE640021C407 /* UIImage+Resize.h */,
				C3C05D021D34EE640021C407 /* UIImage+Resize.m */,
				C34234DE1D361CE90014348A /* NSDate+Components.h */,
				C34234DF1D361CE90014348A /* NSDate+Components.m */,
				C3908C271D48BC080082BFE1 /* UIViewController+NoBackTitle.h */,
				C3908C281D48BC080082BFE1 /* UIViewController+NoBackTitle.m */,
				C316C6871D5492F7001F9D17 /* UIColor+Hex.h */,
				C316C6881D5492F7001F9D17 /* UIColor+Hex.m */,
			);
			path = Extensions;
			sourceTree = "<group>";
		};
		C3AA37791D30F3E100D5930E = {
			isa = PBXGroup;
			children = (
				C3AA37841D30F3E100D5930E /* TrackDown */,
				C3AA37831D30F3E100D5930E /* Products */,
				57307B15DD3B0D289CE09BE3 /* Frameworks */,
				75FDD4613CE629AD9CD94705 /* Pods */,
			);
			sourceTree = "<group>";
		};
		C3AA37831D30F3E100D5930E /* Products */ = {
			isa = PBXGroup;
			children = (
				C3AA37821D30F3E100D5930E /* TrackDown.app */,
			);
			name = Products;
			sourceTree = "<group>";
		};
		C3AA37841D30F3E100D5930E /* TrackDown */ = {
			isa = PBXGroup;
			children = (
				C3AA37BB1D3105B500D5930E /* Resources */,
				C3AA37BE1D310C6700D5930E /* Views */,
				C3AA37AE1D30FE9C00D5930E /* DataModel */,
				C3AA37A91D30FE2500D5930E /* Utils */,
				C3AA379E1D30F46C00D5930E /* UI */,
				C3AA379D1D30F44C00D5930E /* Supports */,
				C3AA37961D30F3E100D5930E /* Info.plist */,
				C3AA37851D30F3E100D5930E /* Supporting Files */,
			);
			path = TrackDown;
			sourceTree = "<group>";
		};
		C3AA37851D30F3E100D5930E /* Supporting Files */ = {
			isa = PBXGroup;
			children = (
				C3AA37861D30F3E100D5930E /* main.m */,
			);
			name = "Supporting Files";
			sourceTree = "<group>";
		};
		C3AA379D1D30F44C00D5930E /* Supports */ = {
			isa = PBXGroup;
			children = (
				C3AA37881D30F3E100D5930E /* AppDelegate.h */,
				C3AA37891D30F3E100D5930E /* AppDelegate.m */,
				C39A8D5F1D33884500FAF484 /* PreDefines.h */,
			);
			name = Supports;
			sourceTree = "<group>";
		};
		C3AA379E1D30F46C00D5930E /* UI */ = {
			isa = PBXGroup;
			children = (
				C39A8D561D33774B00FAF484 /* StoryboardManager.h */,
				C39A8D571D33774B00FAF484 /* StoryboardManager.m */,
				C3AA378E1D30F3E100D5930E /* Main.storyboard */,
				C3C05CE81D3485AF0021C407 /* Management.storyboard */,
				C3C05CEB1D3486DA0021C407 /* Training.storyboard */,
				C32E34281D474359001C1CA2 /* Statistic.storyboard */,
				C34C95E71D499D2B00E7F5B2 /* Settings.storyboard */,
				C3AA37911D30F3E100D5930E /* Assets.xcassets */,
				C3AA37931D30F3E100D5930E /* LaunchScreen.storyboard */,
			);
			name = UI;
			sourceTree = "<group>";
		};
		C3AA37A91D30FE2500D5930E /* Utils */ = {
			isa = PBXGroup;
			children = (
				C39A8D601D3394CE00FAF484 /* Extensions */,
				C3AA37B81D31013200D5930E /* CYWorkoutDataParser.h */,
				C3AA37B91D31013200D5930E /* CYWorkoutDataParser.m */,
				C3AA37AA1D30FE2500D5930E /* CYWorkoutManager.h */,
				C3AA37AB1D30FE2500D5930E /* CYWorkoutManager.m */,
				C34234DB1D35F0820014348A /* CYDataBaseManager.h */,
				C34234DC1D35F0820014348A /* CYDataBaseManager.m */,
				C3AA37AC1D30FE2500D5930E /* PathDefines.h */,
				C34C95F61D49A94600E7F5B2 /* SettingsManager.h */,
				C34C95F71D49A94600E7F5B2 /* SettingsManager.m */,
			);
			path = Utils;
			sourceTree = "<group>";
		};
		C3AA37AE1D30FE9C00D5930E /* DataModel */ = {
			isa = PBXGroup;
			children = (
				C3AA37AF1D30FECE00D5930E /* TargetMuscle.h */,
				C3AA37B01D30FECE00D5930E /* TargetMuscle.m */,
				C3AA37B21D30FEED00D5930E /* WorkoutAction.h */,
				C3AA37B31D30FEED00D5930E /* WorkoutAction.m */,
				C34234E41D3648640014348A /* WorkoutStatistic.h */,
				C34234E51D3648640014348A /* WorkoutStatistic.m */,
				C34C95F31D49A63F00E7F5B2 /* SettingsInfo.h */,
				C34C95F41D49A63F00E7F5B2 /* SettingsInfo.m */,
			);
			path = DataModel;
			sourceTree = "<group>";
		};
		C3AA37BB1D3105B500D5930E /* Resources */ = {
			isa = PBXGroup;
			children = (
				C3AA37BC1D3105B500D5930E /* workouts.json */,
			);
			path = Resources;
			sourceTree = "<group>";
		};
		C3AA37BE1D310C6700D5930E /* Views */ = {
			isa = PBXGroup;
			children = (
				C34C95EA1D49A02F00E7F5B2 /* Settings */,
				C385F77F1D41F362009A08C0 /* Statistic */,
				C3C05CF21D3499CE0021C407 /* CustomViews */,
				C3C05CEE1D3486F00021C407 /* Training */,
				C3AA37BF1D310C6700D5930E /* Management */,
				C3AA37C31D3112DB00D5930E /* MainViewController.h */,
				C3AA37C41D3112DB00D5930E /* MainViewController.m */,
				C3908C241D48B7F20082BFE1 /* MainNavigationController.h */,
				C3908C251D48B7F20082BFE1 /* MainNavigationController.m */,
			);
			path = Views;
			sourceTree = "<group>";
		};
		C3AA37BF1D310C6700D5930E /* Management */ = {
			isa = PBXGroup;
			children = (
				C3AA37C01D310C7B00D5930E /* WorkoutMuscleViewController.h */,
				C3AA37C11D310C7B00D5930E /* WorkoutMuscleViewController.m */,
				C39A8D591D337A2E00FAF484 /* WorkoutActionViewController.h */,
				C39A8D5A1D337A2E00FAF484 /* WorkoutActionViewController.m */,
				C39A8D5C1D3380CE00FAF484 /* AddWorkoutViewController.h */,
				C39A8D5D1D3380CE00FAF484 /* AddWorkoutViewController.m */,
			);
			path = Management;
			sourceTree = "<group>";
		};
		C3C05CEE1D3486F00021C407 /* Training */ = {
			isa = PBXGroup;
			children = (
				C3C05CEF1D348B2A0021C407 /* WorkoutPlanningViewController.h */,
				C3C05CF01D348B2A0021C407 /* WorkoutPlanningViewController.m */,
				C34234E11D363D830014348A /* TrainingViewController.h */,
				C34234E21D363D830014348A /* TrainingViewController.m */,
				C35CC5611D3A1CF000C6A7F6 /* TrainingListTableViewController.h */,
				C35CC5621D3A1CF000C6A7F6 /* TrainingListTableViewController.m */,
				C35CC5631D3A1CF000C6A7F6 /* TrainingListTableViewController.xib */,
			);
			path = Training;
			sourceTree = "<group>";
		};
		C3C05CF21D3499CE0021C407 /* CustomViews */ = {
			isa = PBXGroup;
			children = (
				C316C67F1D546D33001F9D17 /* GraphView */,
				C385F7861D41F610009A08C0 /* ExpandableTableView */,
				C3C05CF61D34D3C40021C407 /* PopTableViewController.h */,
				C3C05CF71D34D3C40021C407 /* PopTableViewController.m */,
				C3C05CFB1D34D5270021C407 /* CheckboxTableViewCell.h */,
				C3C05CFC1D34D5270021C407 /* CheckboxTableViewCell.m */,
				C354E28C1D3769230012633C /* ListCountButton.h */,
				C354E28D1D3769230012633C /* ListCountButton.m */,
				C30C7B851D3DDB3800131A1D /* NoPasteTextField.h */,
				C30C7B861D3DDB3800131A1D /* NoPasteTextField.m */,
				C3908C1E1D4890120082BFE1 /* RoundedButton.h */,
				C3908C1F1D4890120082BFE1 /* RoundedButton.m */,
				C38F7F221D5827DE00A8A7D9 /* TipView.h */,
				C38F7F231D5827DE00A8A7D9 /* TipView.m */,
			);
			path = CustomViews;
			sourceTree = "<group>";
		};
/* End PBXGroup section */

/* Begin PBXNativeTarget section */
		C3AA37811D30F3E100D5930E /* TrackDown */ = {
			isa = PBXNativeTarget;
			buildConfigurationList = C3AA37991D30F3E100D5930E /* Build configuration list for PBXNativeTarget "TrackDown" */;
			buildPhases = (
				5916D056C0A0FA8A649BB728 /* [CP] Check Pods Manifest.lock */,
				C3AA377E1D30F3E100D5930E /* Sources */,
				C3AA377F1D30F3E100D5930E /* Frameworks */,
				C3AA37801D30F3E100D5930E /* Resources */,
				F26FB2B0BD053DF171ABC91A /* [CP] Embed Pods Frameworks */,
				EC8BACEC2E71AF75BCD2C17A /* [CP] Copy Pods Resources */,
			);
			buildRules = (
			);
			dependencies = (
			);
			name = TrackDown;
			productName = TrackDown;
			productReference = C3AA37821D30F3E100D5930E /* TrackDown.app */;
			productType = "com.apple.product-type.application";
		};
/* End PBXNativeTarget section */

/* Begin PBXProject section */
		C3AA377A1D30F3E100D5930E /* Project object */ = {
			isa = PBXProject;
			attributes = {
				LastUpgradeCheck = 0730;
				ORGANIZATIONNAME = Gocy;
				TargetAttributes = {
					C3AA37811D30F3E100D5930E = {
						CreatedOnToolsVersion = 7.3;
						DevelopmentTeam = H4V332SS59;
					};
				};
			};
			buildConfigurationList = C3AA377D1D30F3E100D5930E /* Build configuration list for PBXProject "TrackDown" */;
			compatibilityVersion = "Xcode 3.2";
			developmentRegion = English;
			hasScannedForEncodings = 0;
			knownRegions = (
				en,
				Base,
			);
			mainGroup = C3AA37791D30F3E100D5930E;
			productRefGroup = C3AA37831D30F3E100D5930E /* Products */;
			projectDirPath = "";
			projectRoot = "";
			targets = (
				C3AA37811D30F3E100D5930E /* TrackDown */,
			);
		};
/* End PBXProject section */

/* Begin PBXResourcesBuildPhase section */
		C3AA37801D30F3E100D5930E /* Resources */ = {
			isa = PBXResourcesBuildPhase;
			buildActionMask = 2147483647;
			files = (
				C35CC5651D3A1CF000C6A7F6 /* TrainingListTableViewController.xib in Resources */,
				C3C05CED1D3486DA0021C407 /* Training.storyboard in Resources */,
				C3C05CEA1D3485AF0021C407 /* Management.storyboard in Resources */,
				C34C95F21D49A33800E7F5B2 /* SettingsCell.xib in Resources */,
				C3AA37951D30F3E100D5930E /* LaunchScreen.storyboard in Resources */,
				C32E342A1D474359001C1CA2 /* Statistic.storyboard in Resources */,
				C3AA37921D30F3E100D5930E /* Assets.xcassets in Resources */,
				C3AA37901D30F3E100D5930E /* Main.storyboard in Resources */,
				C3AA37BD1D3105B500D5930E /* workouts.json in Resources */,
				C385F7911D41F71E009A08C0 /* ExpandableTableView.xib in Resources */,
				C34C95E91D499D2B00E7F5B2 /* Settings.storyboard in Resources */,
			);
			runOnlyForDeploymentPostprocessing = 0;
		};
/* End PBXResourcesBuildPhase section */

/* Begin PBXShellScriptBuildPhase section */
		5916D056C0A0FA8A649BB728 /* [CP] Check Pods Manifest.lock */ = {
			isa = PBXShellScriptBuildPhase;
			buildActionMask = 2147483647;
			files = (
			);
			inputPaths = (
			);
			name = "[CP] Check Pods Manifest.lock";
			outputPaths = (
			);
			runOnlyForDeploymentPostprocessing = 0;
			shellPath = /bin/sh;
			shellScript = "diff \"${PODS_ROOT}/../Podfile.lock\" \"${PODS_ROOT}/Manifest.lock\" > /dev/null\nif [[ $? != 0 ]] ; then\n    cat << EOM\nerror: The sandbox is not in sync with the Podfile.lock. Run 'pod install' or update your CocoaPods installation.\nEOM\n    exit 1\nfi\n";
			showEnvVarsInLog = 0;
		};
		EC8BACEC2E71AF75BCD2C17A /* [CP] Copy Pods Resources */ = {
			isa = PBXShellScriptBuildPhase;
			buildActionMask = 2147483647;
			files = (
			);
			inputPaths = (
			);
			name = "[CP] Copy Pods Resources";
			outputPaths = (
			);
			runOnlyForDeploymentPostprocessing = 0;
			shellPath = /bin/sh;
			shellScript = "\"${SRCROOT}/Pods/Target Support Files/Pods-TrackDown/Pods-TrackDown-resources.sh\"\n";
			showEnvVarsInLog = 0;
		};
		F26FB2B0BD053DF171ABC91A /* [CP] Embed Pods Frameworks */ = {
			isa = PBXShellScriptBuildPhase;
			buildActionMask = 2147483647;
			files = (
			);
			inputPaths = (
			);
			name = "[CP] Embed Pods Frameworks";
			outputPaths = (
			);
			runOnlyForDeploymentPostprocessing = 0;
			shellPath = /bin/sh;
			shellScript = "\"${SRCROOT}/Pods/Target Support Files/Pods-TrackDown/Pods-TrackDown-frameworks.sh\"\n";
			showEnvVarsInLog = 0;
		};
/* End PBXShellScriptBuildPhase section */

/* Begin PBXSourcesBuildPhase section */
		C3AA377E1D30F3E100D5930E /* Sources */ = {
			isa = PBXSourcesBuildPhase;
			buildActionMask = 2147483647;
			files = (
				C38F7F241D5827DE00A8A7D9 /* TipView.m in Sources */,
				C39A8D5B1D337A2E00FAF484 /* WorkoutActionViewController.m in Sources */,
				C316C6891D5492F7001F9D17 /* UIColor+Hex.m in Sources */,
				C3C05CF11D348B2A0021C407 /* WorkoutPlanningViewController.m in Sources */,
				C3908C201D4890120082BFE1 /* RoundedButton.m in Sources */,
				C37102061D49E0780037C877 /* TimeBreakViewController.m in Sources */,
				C34234E01D361CE90014348A /* NSDate+Components.m in Sources */,
				C34234DD1D35F0820014348A /* CYDataBaseManager.m in Sources */,
				C3908C261D48B7F20082BFE1 /* MainNavigationController.m in Sources */,
				C34C95F81D49A94600E7F5B2 /* SettingsManager.m in Sources */,
				C3AA37B41D30FEED00D5930E /* WorkoutAction.m in Sources */,
				C30C7B871D3DDB3800131A1D /* NoPasteTextField.m in Sources */,
				C35CC5641D3A1CF000C6A7F6 /* TrainingListTableViewController.m in Sources */,
				C39A8D581D33774B00FAF484 /* StoryboardManager.m in Sources */,
				C3AA378A1D30F3E100D5930E /* AppDelegate.m in Sources */,
				C316C6861D547AD2001F9D17 /* GraphView.m in Sources */,
				C3908C231D48AC830082BFE1 /* BlankFooterView.m in Sources */,
				C3AA37C21D310C7B00D5930E /* WorkoutMuscleViewController.m in Sources */,
				C316C67E1D546BBC001F9D17 /* StatisticViewController.m in Sources */,
				C3AA37C51D3112DB00D5930E /* MainViewController.m in Sources */,
				C34C95F51D49A63F00E7F5B2 /* SettingsInfo.m in Sources */,
				C3AA37871D30F3E100D5930E /* main.m in Sources */,
				C3AA37B11D30FECE00D5930E /* TargetMuscle.m in Sources */,
				C354E28E1D3769230012633C /* ListCountButton.m in Sources */,
				C385F7941D41F89E009A08C0 /* ClickableHeaderView.m in Sources */,
				C3C05D031D34EE640021C407 /* UIImage+Resize.m in Sources */,
				C3C05CF91D34D3C40021C407 /* PopTableViewController.m in Sources */,
				C3AA37BA1D31013200D5930E /* CYWorkoutDataParser.m in Sources */,
				C3908C291D48BC080082BFE1 /* UIViewController+NoBackTitle.m in Sources */,
				C39A8D631D3394F200FAF484 /* NSArray+Map.m in Sources */,
				C39A8D5E1D3380CE00FAF484 /* AddWorkoutViewController.m in Sources */,
				C385F7821D41F3BF009A08C0 /* RecordListViewController.m in Sources */,
				C34C95ED1D49A04100E7F5B2 /* SettingsListViewController.m in Sources */,
				C34C95F11D49A33800E7F5B2 /* SettingsCell.m in Sources */,
				C34234E61D3648640014348A /* WorkoutStatistic.m in Sources */,
				C3AA37AD1D30FE2500D5930E /* CYWorkoutManager.m in Sources */,
				C3C05CFD1D34D5270021C407 /* CheckboxTableViewCell.m in Sources */,
				C34234E31D363D830014348A /* TrainingViewController.m in Sources */,
				C385F78D1D41F6CC009A08C0 /* ExpandableTableViewController.m in Sources */,
			);
			runOnlyForDeploymentPostprocessing = 0;
		};
/* End PBXSourcesBuildPhase section */

/* Begin PBXVariantGroup section */
		C32E34281D474359001C1CA2 /* Statistic.storyboard */ = {
			isa = PBXVariantGroup;
			children = (
				C32E34291D474359001C1CA2 /* Base */,
			);
			name = Statistic.storyboard;
			sourceTree = "<group>";
		};
		C34C95E71D499D2B00E7F5B2 /* Settings.storyboard */ = {
			isa = PBXVariantGroup;
			children = (
				C34C95E81D499D2B00E7F5B2 /* Base */,
			);
			name = Settings.storyboard;
			sourceTree = "<group>";
		};
		C3AA378E1D30F3E100D5930E /* Main.storyboard */ = {
			isa = PBXVariantGroup;
			children = (
				C3AA378F1D30F3E100D5930E /* Base */,
			);
			name = Main.storyboard;
			sourceTree = "<group>";
		};
		C3AA37931D30F3E100D5930E /* LaunchScreen.storyboard */ = {
			isa = PBXVariantGroup;
			children = (
				C3AA37941D30F3E100D5930E /* Base */,
			);
			name = LaunchScreen.storyboard;
			sourceTree = "<group>";
		};
		C3C05CE81D3485AF0021C407 /* Management.storyboard */ = {
			isa = PBXVariantGroup;
			children = (
				C3C05CE91D3485AF0021C407 /* Base */,
			);
			name = Management.storyboard;
			sourceTree = "<group>";
		};
		C3C05CEB1D3486DA0021C407 /* Training.storyboard */ = {
			isa = PBXVariantGroup;
			children = (
				C3C05CEC1D3486DA0021C407 /* Base */,
			);
			name = Training.storyboard;
			sourceTree = "<group>";
		};
/* End PBXVariantGroup section */

/* Begin XCBuildConfiguration section */
		C3AA37971D30F3E100D5930E /* Debug */ = {
			isa = XCBuildConfiguration;
			buildSettings = {
				ALWAYS_SEARCH_USER_PATHS = NO;
				CLANG_ANALYZER_NONNULL = YES;
				CLANG_CXX_LANGUAGE_STANDARD = "gnu++0x";
				CLANG_CXX_LIBRARY = "libc++";
				CLANG_ENABLE_MODULES = YES;
				CLANG_ENABLE_OBJC_ARC = YES;
				CLANG_WARN_BOOL_CONVERSION = YES;
				CLANG_WARN_CONSTANT_CONVERSION = YES;
				CLANG_WARN_DIRECT_OBJC_ISA_USAGE = YES_ERROR;
				CLANG_WARN_EMPTY_BODY = YES;
				CLANG_WARN_ENUM_CONVERSION = YES;
				CLANG_WARN_INT_CONVERSION = YES;
				CLANG_WARN_OBJC_ROOT_CLASS = YES_ERROR;
				CLANG_WARN_UNREACHABLE_CODE = YES;
				CLANG_WARN__DUPLICATE_METHOD_MATCH = YES;
				"CODE_SIGN_IDENTITY[sdk=iphoneos*]" = "iPhone Developer";
				COPY_PHASE_STRIP = NO;
				DEBUG_INFORMATION_FORMAT = dwarf;
				ENABLE_STRICT_OBJC_MSGSEND = YES;
				ENABLE_TESTABILITY = YES;
				GCC_C_LANGUAGE_STANDARD = gnu99;
				GCC_DYNAMIC_NO_PIC = NO;
				GCC_NO_COMMON_BLOCKS = YES;
				GCC_OPTIMIZATION_LEVEL = 0;
				GCC_PREPROCESSOR_DEFINITIONS = (
					"DEBUG=1",
					"$(inherited)",
				);
				GCC_WARN_64_TO_32_BIT_CONVERSION = YES;
				GCC_WARN_ABOUT_RETURN_TYPE = YES_ERROR;
				GCC_WARN_UNDECLARED_SELECTOR = YES;
				GCC_WARN_UNINITIALIZED_AUTOS = YES_AGGRESSIVE;
				GCC_WARN_UNUSED_FUNCTION = YES;
				GCC_WARN_UNUSED_VARIABLE = YES;
				IPHONEOS_DEPLOYMENT_TARGET = 9.3;
				MTL_ENABLE_DEBUG_INFO = YES;
				ONLY_ACTIVE_ARCH = YES;
				SDKROOT = iphoneos;
			};
			name = Debug;
		};
		C3AA37981D30F3E100D5930E /* Release */ = {
			isa = XCBuildConfiguration;
			buildSettings = {
				ALWAYS_SEARCH_USER_PATHS = NO;
				CLANG_ANALYZER_NONNULL = YES;
				CLANG_CXX_LANGUAGE_STANDARD = "gnu++0x";
				CLANG_CXX_LIBRARY = "libc++";
				CLANG_ENABLE_MODULES = YES;
				CLANG_ENABLE_OBJC_ARC = YES;
				CLANG_WARN_BOOL_CONVERSION = YES;
				CLANG_WARN_CONSTANT_CONVERSION = YES;
				CLANG_WARN_DIRECT_OBJC_ISA_USAGE = YES_ERROR;
				CLANG_WARN_EMPTY_BODY = YES;
				CLANG_WARN_ENUM_CONVERSION = YES;
				CLANG_WARN_INT_CONVERSION = YES;
				CLANG_WARN_OBJC_ROOT_CLASS = YES_ERROR;
				CLANG_WARN_UNREACHABLE_CODE = YES;
				CLANG_WARN__DUPLICATE_METHOD_MATCH = YES;
				"CODE_SIGN_IDENTITY[sdk=iphoneos*]" = "iPhone Developer";
				COPY_PHASE_STRIP = NO;
				DEBUG_INFORMATION_FORMAT = "dwarf-with-dsym";
				ENABLE_NS_ASSERTIONS = NO;
				ENABLE_STRICT_OBJC_MSGSEND = YES;
				GCC_C_LANGUAGE_STANDARD = gnu99;
				GCC_NO_COMMON_BLOCKS = YES;
				GCC_WARN_64_TO_32_BIT_CONVERSION = YES;
				GCC_WARN_ABOUT_RETURN_TYPE = YES_ERROR;
				GCC_WARN_UNDECLARED_SELECTOR = YES;
				GCC_WARN_UNINITIALIZED_AUTOS = YES_AGGRESSIVE;
				GCC_WARN_UNUSED_FUNCTION = YES;
				GCC_WARN_UNUSED_VARIABLE = YES;
				IPHONEOS_DEPLOYMENT_TARGET = 9.3;
				MTL_ENABLE_DEBUG_INFO = NO;
				SDKROOT = iphoneos;
				VALIDATE_PRODUCT = YES;
			};
			name = Release;
		};
		C3AA379A1D30F3E100D5930E /* Debug */ = {
			isa = XCBuildConfiguration;
			baseConfigurationReference = 4D83057FE26A87D8050822B5 /* Pods-TrackDown.debug.xcconfig */;
			buildSettings = {
				ASSETCATALOG_COMPILER_APPICON_NAME = AppIcon;
				CODE_SIGN_IDENTITY = "iPhone Developer";
				INFOPLIST_FILE = TrackDown/Info.plist;
				IPHONEOS_DEPLOYMENT_TARGET = 9.0;
				LD_RUNPATH_SEARCH_PATHS = "$(inherited) @executable_path/Frameworks";
				PRODUCT_BUNDLE_IDENTIFIER = com.gocy.TrackDown;
				PRODUCT_NAME = "$(TARGET_NAME)";
			};
			name = Debug;
		};
		C3AA379B1D30F3E100D5930E /* Release */ = {
			isa = XCBuildConfiguration;
			baseConfigurationReference = 921CE8EAE5EC1EC67D9518E0 /* Pods-TrackDown.release.xcconfig */;
			buildSettings = {
				ASSETCATALOG_COMPILER_APPICON_NAME = AppIcon;
				CODE_SIGN_IDENTITY = "iPhone Developer";
				INFOPLIST_FILE = TrackDown/Info.plist;
				IPHONEOS_DEPLOYMENT_TARGET = 9.0;
				LD_RUNPATH_SEARCH_PATHS = "$(inherited) @executable_path/Frameworks";
				PRODUCT_BUNDLE_IDENTIFIER = com.gocy.TrackDown;
				PRODUCT_NAME = "$(TARGET_NAME)";
			};
			name = Release;
		};
/* End XCBuildConfiguration section */

/* Begin XCConfigurationList section */
		C3AA377D1D30F3E100D5930E /* Build configuration list for PBXProject "TrackDown" */ = {
			isa = XCConfigurationList;
			buildConfigurations = (
				C3AA37971D30F3E100D5930E /* Debug */,
				C3AA37981D30F3E100D5930E /* Release */,
			);
			defaultConfigurationIsVisible = 0;
			defaultConfigurationName = Release;
		};
		C3AA37991D30F3E100D5930E /* Build configuration list for PBXNativeTarget "TrackDown" */ = {
			isa = XCConfigurationList;
			buildConfigurations = (
				C3AA379A1D30F3E100D5930E /* Debug */,
				C3AA379B1D30F3E100D5930E /* Release */,
			);
			defaultConfigurationIsVisible = 0;
			defaultConfigurationName = Release;
		};
/* End XCConfigurationList section */
	};
	rootObject = C3AA377A1D30F3E100D5930E /* Project object */;
}
